// !$*UTF8*$!
{
	archiveVersion = 1;
	classes = {
	};
	objectVersion = 50;
	objects = {

/* Begin PBXBuildFile section */
		D5F673A3D0C354F214F26EAC /* Pods_flixTests.framework in Frameworks */ = {isa = PBXBuildFile; fileRef = 7652A6A800ECDAABD58C0559 /* Pods_flixTests.framework */; };
		DCBE309C90FDC6E3B3905420 /* Pods_flix.framework in Frameworks */ = {isa = PBXBuildFile; fileRef = 5BCB9B3A738B34A6AB413029 /* Pods_flix.framework */; };
		E7D09521F04C67BFEB1AA1DB /* Pods_flixUITests.framework in Frameworks */ = {isa = PBXBuildFile; fileRef = 80123CF0F298008AF0B4107E /* Pods_flixUITests.framework */; };
		F70DF1F421F930F6009E9480 /* MovieDetailsViewController.swift in Sources */ = {isa = PBXBuildFile; fileRef = F70DF1F321F930F6009E9480 /* MovieDetailsViewController.swift */; };
		F70DF1F621FCF706009E9480 /* MovieGridViewController.swift in Sources */ = {isa = PBXBuildFile; fileRef = F70DF1F521FCF706009E9480 /* MovieGridViewController.swift */; };
		F730B10B21ED52DD005A85B6 /* AppDelegate.swift in Sources */ = {isa = PBXBuildFile; fileRef = F730B10A21ED52DD005A85B6 /* AppDelegate.swift */; };
		F730B11021ED52DD005A85B6 /* Main.storyboard in Resources */ = {isa = PBXBuildFile; fileRef = F730B10E21ED52DD005A85B6 /* Main.storyboard */; };
		F730B11221ED52DE005A85B6 /* Assets.xcassets in Resources */ = {isa = PBXBuildFile; fileRef = F730B11121ED52DE005A85B6 /* Assets.xcassets */; };
		F730B11521ED52DE005A85B6 /* LaunchScreen.storyboard in Resources */ = {isa = PBXBuildFile; fileRef = F730B11321ED52DE005A85B6 /* LaunchScreen.storyboard */; };
		F730B12021ED52DE005A85B6 /* flixTests.swift in Sources */ = {isa = PBXBuildFile; fileRef = F730B11F21ED52DE005A85B6 /* flixTests.swift */; };
		F730B12B21ED52DE005A85B6 /* flixUITests.swift in Sources */ = {isa = PBXBuildFile; fileRef = F730B12A21ED52DE005A85B6 /* flixUITests.swift */; };
		F76B225221F05E4400D894AB /* MovieCell.swift in Sources */ = {isa = PBXBuildFile; fileRef = F76B225121F05E4400D894AB /* MovieCell.swift */; };
		F7786F5B21ED5A44005D1FCD /* MoviesViewController.swift in Sources */ = {isa = PBXBuildFile; fileRef = F7786F5A21ED5A44005D1FCD /* MoviesViewController.swift */; };
		F7A4B56C21FE947D005B15B8 /* MovieGridCell.swift in Sources */ = {isa = PBXBuildFile; fileRef = F7A4B56B21FE947D005B15B8 /* MovieGridCell.swift */; };
/* End PBXBuildFile section */

/* Begin PBXContainerItemProxy section */
		F730B11C21ED52DE005A85B6 /* PBXContainerItemProxy */ = {
			isa = PBXContainerItemProxy;
			containerPortal = F730B0FF21ED52DD005A85B6 /* Project object */;
			proxyType = 1;
			remoteGlobalIDString = F730B10621ED52DD005A85B6;
			remoteInfo = flix;
		};
		F730B12721ED52DE005A85B6 /* PBXContainerItemProxy */ = {
			isa = PBXContainerItemProxy;
			containerPortal = F730B0FF21ED52DD005A85B6 /* Project object */;
			proxyType = 1;
			remoteGlobalIDString = F730B10621ED52DD005A85B6;
			remoteInfo = flix;
		};
/* End PBXContainerItemProxy section */

/* Begin PBXFileReference section */
		5BCB9B3A738B34A6AB413029 /* Pods_flix.framework */ = {isa = PBXFileReference; explicitFileType = wrapper.framework; includeInIndex = 0; path = Pods_flix.framework; sourceTree = BUILT_PRODUCTS_DIR; };
		7652A6A800ECDAABD58C0559 /* Pods_flixTests.framework */ = {isa = PBXFileReference; explicitFileType = wrapper.framework; includeInIndex = 0; path = Pods_flixTests.framework; sourceTree = BUILT_PRODUCTS_DIR; };
		80123CF0F298008AF0B4107E /* Pods_flixUITests.framework */ = {isa = PBXFileReference; explicitFileType = wrapper.framework; includeInIndex = 0; path = Pods_flixUITests.framework; sourceTree = BUILT_PRODUCTS_DIR; };
		88314D45577A20FB6E6EAF97 /* Pods-flixTests.debug.xcconfig */ = {isa = PBXFileReference; includeInIndex = 1; lastKnownFileType = text.xcconfig; name = "Pods-flixTests.debug.xcconfig"; path = "Pods/Target Support Files/Pods-flixTests/Pods-flixTests.debug.xcconfig"; sourceTree = "<group>"; };
		9D4D52CD91685C3FEFAE46C0 /* Pods-flixUITests.debug.xcconfig */ = {isa = PBXFileReference; includeInIndex = 1; lastKnownFileType = text.xcconfig; name = "Pods-flixUITests.debug.xcconfig"; path = "Pods/Target Support Files/Pods-flixUITests/Pods-flixUITests.debug.xcconfig"; sourceTree = "<group>"; };
		C9D54D7B77F188A0F1A5AC3C /* Pods-flixTests.release.xcconfig */ = {isa = PBXFileReference; includeInIndex = 1; lastKnownFileType = text.xcconfig; name = "Pods-flixTests.release.xcconfig"; path = "Pods/Target Support Files/Pods-flixTests/Pods-flixTests.release.xcconfig"; sourceTree = "<group>"; };
		D44802A50094397DDDF2AA2F /* Pods-flix.debug.xcconfig */ = {isa = PBXFileReference; includeInIndex = 1; lastKnownFileType = text.xcconfig; name = "Pods-flix.debug.xcconfig"; path = "Pods/Target Support Files/Pods-flix/Pods-flix.debug.xcconfig"; sourceTree = "<group>"; };
		E77FAA522A299F242E3DA2E1 /* Pods-flixUITests.release.xcconfig */ = {isa = PBXFileReference; includeInIndex = 1; lastKnownFileType = text.xcconfig; name = "Pods-flixUITests.release.xcconfig"; path = "Pods/Target Support Files/Pods-flixUITests/Pods-flixUITests.release.xcconfig"; sourceTree = "<group>"; };
		F70DF1F321F930F6009E9480 /* MovieDetailsViewController.swift */ = {isa = PBXFileReference; lastKnownFileType = sourcecode.swift; path = MovieDetailsViewController.swift; sourceTree = "<group>"; };
		F70DF1F521FCF706009E9480 /* MovieGridViewController.swift */ = {isa = PBXFileReference; lastKnownFileType = sourcecode.swift; path = MovieGridViewController.swift; sourceTree = "<group>"; };
		F730B10721ED52DD005A85B6 /* flix.app */ = {isa = PBXFileReference; explicitFileType = wrapper.application; includeInIndex = 0; path = flix.app; sourceTree = BUILT_PRODUCTS_DIR; };
		F730B10A21ED52DD005A85B6 /* AppDelegate.swift */ = {isa = PBXFileReference; lastKnownFileType = sourcecode.swift; path = AppDelegate.swift; sourceTree = "<group>"; };
		F730B10F21ED52DD005A85B6 /* Base */ = {isa = PBXFileReference; lastKnownFileType = file.storyboard; name = Base; path = Base.lproj/Main.storyboard; sourceTree = "<group>"; };
		F730B11121ED52DE005A85B6 /* Assets.xcassets */ = {isa = PBXFileReference; lastKnownFileType = folder.assetcatalog; path = Assets.xcassets; sourceTree = "<group>"; };
		F730B11421ED52DE005A85B6 /* Base */ = {isa = PBXFileReference; lastKnownFileType = file.storyboard; name = Base; path = Base.lproj/LaunchScreen.storyboard; sourceTree = "<group>"; };
		F730B11621ED52DE005A85B6 /* Info.plist */ = {isa = PBXFileReference; lastKnownFileType = text.plist.xml; path = Info.plist; sourceTree = "<group>"; };
		F730B11B21ED52DE005A85B6 /* flixTests.xctest */ = {isa = PBXFileReference; explicitFileType = wrapper.cfbundle; includeInIndex = 0; path = flixTests.xctest; sourceTree = BUILT_PRODUCTS_DIR; };
		F730B11F21ED52DE005A85B6 /* flixTests.swift */ = {isa = PBXFileReference; lastKnownFileType = sourcecode.swift; path = flixTests.swift; sourceTree = "<group>"; };
		F730B12121ED52DE005A85B6 /* Info.plist */ = {isa = PBXFileReference; lastKnownFileType = text.plist.xml; path = Info.plist; sourceTree = "<group>"; };
		F730B12621ED52DE005A85B6 /* flixUITests.xctest */ = {isa = PBXFileReference; explicitFileType = wrapper.cfbundle; includeInIndex = 0; path = flixUITests.xctest; sourceTree = BUILT_PRODUCTS_DIR; };
		F730B12A21ED52DE005A85B6 /* flixUITests.swift */ = {isa = PBXFileReference; lastKnownFileType = sourcecode.swift; path = flixUITests.swift; sourceTree = "<group>"; };
		F730B12C21ED52DE005A85B6 /* Info.plist */ = {isa = PBXFileReference; lastKnownFileType = text.plist.xml; path = Info.plist; sourceTree = "<group>"; };
		F76B225121F05E4400D894AB /* MovieCell.swift */ = {isa = PBXFileReference; lastKnownFileType = sourcecode.swift; path = MovieCell.swift; sourceTree = "<group>"; };
		F7786F5A21ED5A44005D1FCD /* MoviesViewController.swift */ = {isa = PBXFileReference; lastKnownFileType = sourcecode.swift; path = MoviesViewController.swift; sourceTree = "<group>"; };
		F7A4B56B21FE947D005B15B8 /* MovieGridCell.swift */ = {isa = PBXFileReference; lastKnownFileType = sourcecode.swift; path = MovieGridCell.swift; sourceTree = "<group>"; };
		FF028DD6E80010344FEB8300 /* Pods-flix.release.xcconfig */ = {isa = PBXFileReference; includeInIndex = 1; lastKnownFileType = text.xcconfig; name = "Pods-flix.release.xcconfig"; path = "Pods/Target Support Files/Pods-flix/Pods-flix.release.xcconfig"; sourceTree = "<group>"; };
/* End PBXFileReference section */

/* Begin PBXFrameworksBuildPhase section */
		F730B10421ED52DD005A85B6 /* Frameworks */ = {
			isa = PBXFrameworksBuildPhase;
			buildActionMask = 2147483647;
			files = (
				DCBE309C90FDC6E3B3905420 /* Pods_flix.framework in Frameworks */,
			);
			runOnlyForDeploymentPostprocessing = 0;
		};
		F730B11821ED52DE005A85B6 /* Frameworks */ = {
			isa = PBXFrameworksBuildPhase;
			buildActionMask = 2147483647;
			files = (
				D5F673A3D0C354F214F26EAC /* Pods_flixTests.framework in Frameworks */,
			);
			runOnlyForDeploymentPostprocessing = 0;
		};
		F730B12321ED52DE005A85B6 /* Frameworks */ = {
			isa = PBXFrameworksBuildPhase;
			buildActionMask = 2147483647;
			files = (
				E7D09521F04C67BFEB1AA1DB /* Pods_flixUITests.framework in Frameworks */,
			);
			runOnlyForDeploymentPostprocessing = 0;
		};
/* End PBXFrameworksBuildPhase section */

/* Begin PBXGroup section */
		627E25B02499A225DD30E6C2 /* Frameworks */ = {
			isa = PBXGroup;
			children = (
				5BCB9B3A738B34A6AB413029 /* Pods_flix.framework */,
				7652A6A800ECDAABD58C0559 /* Pods_flixTests.framework */,
				80123CF0F298008AF0B4107E /* Pods_flixUITests.framework */,
			);
			name = Frameworks;
			sourceTree = "<group>";
		};
		8C15B9FE9FB7D0DCA6787A21 /* Pods */ = {
			isa = PBXGroup;
			children = (
				D44802A50094397DDDF2AA2F /* Pods-flix.debug.xcconfig */,
				FF028DD6E80010344FEB8300 /* Pods-flix.release.xcconfig */,
				88314D45577A20FB6E6EAF97 /* Pods-flixTests.debug.xcconfig */,
				C9D54D7B77F188A0F1A5AC3C /* Pods-flixTests.release.xcconfig */,
				9D4D52CD91685C3FEFAE46C0 /* Pods-flixUITests.debug.xcconfig */,
				E77FAA522A299F242E3DA2E1 /* Pods-flixUITests.release.xcconfig */,
			);
			name = Pods;
			sourceTree = "<group>";
		};
		F730B0FE21ED52DD005A85B6 = {
			isa = PBXGroup;
			children = (
				F730B10921ED52DD005A85B6 /* flix */,
				F730B11E21ED52DE005A85B6 /* flixTests */,
				F730B12921ED52DE005A85B6 /* flixUITests */,
				F730B10821ED52DD005A85B6 /* Products */,
				8C15B9FE9FB7D0DCA6787A21 /* Pods */,
				627E25B02499A225DD30E6C2 /* Frameworks */,
			);
			sourceTree = "<group>";
		};
		F730B10821ED52DD005A85B6 /* Products */ = {
			isa = PBXGroup;
			children = (
				F730B10721ED52DD005A85B6 /* flix.app */,
				F730B11B21ED52DE005A85B6 /* flixTests.xctest */,
				F730B12621ED52DE005A85B6 /* flixUITests.xctest */,
			);
			name = Products;
			sourceTree = "<group>";
		};
		F730B10921ED52DD005A85B6 /* flix */ = {
			isa = PBXGroup;
			children = (
				F730B10A21ED52DD005A85B6 /* AppDelegate.swift */,
				F730B10E21ED52DD005A85B6 /* Main.storyboard */,
				F730B11121ED52DE005A85B6 /* Assets.xcassets */,
				F730B11321ED52DE005A85B6 /* LaunchScreen.storyboard */,
				F730B11621ED52DE005A85B6 /* Info.plist */,
				F7786F5A21ED5A44005D1FCD /* MoviesViewController.swift */,
				F76B225121F05E4400D894AB /* MovieCell.swift */,
				F70DF1F321F930F6009E9480 /* MovieDetailsViewController.swift */,
				F70DF1F521FCF706009E9480 /* MovieGridViewController.swift */,
				F7A4B56B21FE947D005B15B8 /* MovieGridCell.swift */,
			);
			path = flix;
			sourceTree = "<group>";
		};
		F730B11E21ED52DE005A85B6 /* flixTests */ = {
			isa = PBXGroup;
			children = (
				F730B11F21ED52DE005A85B6 /* flixTests.swift */,
				F730B12121ED52DE005A85B6 /* Info.plist */,
			);
			path = flixTests;
			sourceTree = "<group>";
		};
		F730B12921ED52DE005A85B6 /* flixUITests */ = {
			isa = PBXGroup;
			children = (
				F730B12A21ED52DE005A85B6 /* flixUITests.swift */,
				F730B12C21ED52DE005A85B6 /* Info.plist */,
			);
			path = flixUITests;
			sourceTree = "<group>";
		};
/* End PBXGroup section */

/* Begin PBXNativeTarget section */
		F730B10621ED52DD005A85B6 /* flix */ = {
			isa = PBXNativeTarget;
			buildConfigurationList = F730B12F21ED52DE005A85B6 /* Build configuration list for PBXNativeTarget "flix" */;
			buildPhases = (
				7B4279259D3420630DB39B43 /* [CP] Check Pods Manifest.lock */,
				F730B10321ED52DD005A85B6 /* Sources */,
				F730B10421ED52DD005A85B6 /* Frameworks */,
				F730B10521ED52DD005A85B6 /* Resources */,
				4F59A3CD8294DC0259FA0895 /* [CP] Embed Pods Frameworks */,
			);
			buildRules = (
			);
			dependencies = (
			);
			name = flix;
			productName = flix;
			productReference = F730B10721ED52DD005A85B6 /* flix.app */;
			productType = "com.apple.product-type.application";
		};
		F730B11A21ED52DE005A85B6 /* flixTests */ = {
			isa = PBXNativeTarget;
			buildConfigurationList = F730B13221ED52DE005A85B6 /* Build configuration list for PBXNativeTarget "flixTests" */;
			buildPhases = (
				101617459FDD18421E5948DE /* [CP] Check Pods Manifest.lock */,
				F730B11721ED52DE005A85B6 /* Sources */,
				F730B11821ED52DE005A85B6 /* Frameworks */,
				F730B11921ED52DE005A85B6 /* Resources */,
			);
			buildRules = (
			);
			dependencies = (
				F730B11D21ED52DE005A85B6 /* PBXTargetDependency */,
			);
			name = flixTests;
			productName = flixTests;
			productReference = F730B11B21ED52DE005A85B6 /* flixTests.xctest */;
			productType = "com.apple.product-type.bundle.unit-test";
		};
		F730B12521ED52DE005A85B6 /* flixUITests */ = {
			isa = PBXNativeTarget;
			buildConfigurationList = F730B13521ED52DE005A85B6 /* Build configuration list for PBXNativeTarget "flixUITests" */;
			buildPhases = (
				860D9763676D7DE21EF0A1D1 /* [CP] Check Pods Manifest.lock */,
				F730B12221ED52DE005A85B6 /* Sources */,
				F730B12321ED52DE005A85B6 /* Frameworks */,
				F730B12421ED52DE005A85B6 /* Resources */,
			);
			buildRules = (
			);
			dependencies = (
				F730B12821ED52DE005A85B6 /* PBXTargetDependency */,
			);
			name = flixUITests;
			productName = flixUITests;
			productReference = F730B12621ED52DE005A85B6 /* flixUITests.xctest */;
			productType = "com.apple.product-type.bundle.ui-testing";
		};
/* End PBXNativeTarget section */

/* Begin PBXProject section */
		F730B0FF21ED52DD005A85B6 /* Project object */ = {
			isa = PBXProject;
			attributes = {
				LastSwiftUpdateCheck = 1010;
				LastUpgradeCheck = 1010;
				ORGANIZATIONNAME = "Rohith Sridharan";
				TargetAttributes = {
					F730B10621ED52DD005A85B6 = {
						CreatedOnToolsVersion = 10.1;
					};
					F730B11A21ED52DE005A85B6 = {
						CreatedOnToolsVersion = 10.1;
						TestTargetID = F730B10621ED52DD005A85B6;
					};
					F730B12521ED52DE005A85B6 = {
						CreatedOnToolsVersion = 10.1;
						TestTargetID = F730B10621ED52DD005A85B6;
					};
				};
			};
			buildConfigurationList = F730B10221ED52DD005A85B6 /* Build configuration list for PBXProject "flix" */;
			compatibilityVersion = "Xcode 9.3";
			developmentRegion = en;
			hasScannedForEncodings = 0;
			knownRegions = (
				en,
				Base,
			);
			mainGroup = F730B0FE21ED52DD005A85B6;
			productRefGroup = F730B10821ED52DD005A85B6 /* Products */;
			projectDirPath = "";
			projectRoot = "";
			targets = (
				F730B10621ED52DD005A85B6 /* flix */,
				F730B11A21ED52DE005A85B6 /* flixTests */,
				F730B12521ED52DE005A85B6 /* flixUITests */,
			);
		};
/* End PBXProject section */

/* Begin PBXResourcesBuildPhase section */
		F730B10521ED52DD005A85B6 /* Resources */ = {
			isa = PBXResourcesBuildPhase;
			buildActionMask = 2147483647;
			files = (
				F730B11521ED52DE005A85B6 /* LaunchScreen.storyboard in Resources */,
				F730B11221ED52DE005A85B6 /* Assets.xcassets in Resources */,
				F730B11021ED52DD005A85B6 /* Main.storyboard in Resources */,
			);
			runOnlyForDeploymentPostprocessing = 0;
		};
		F730B11921ED52DE005A85B6 /* Resources */ = {
			isa = PBXResourcesBuildPhase;
			buildActionMask = 2147483647;
			files = (
			);
			runOnlyForDeploymentPostprocessing = 0;
		};
		F730B12421ED52DE005A85B6 /* Resources */ = {
			isa = PBXResourcesBuildPhase;
			buildActionMask = 2147483647;
			files = (
			);
			runOnlyForDeploymentPostprocessing = 0;
		};
/* End PBXResourcesBuildPhase section */

/* Begin PBXShellScriptBuildPhase section */
		101617459FDD18421E5948DE /* [CP] Check Pods Manifest.lock */ = {
			isa = PBXShellScriptBuildPhase;
			buildActionMask = 2147483647;
			files = (
			);
			inputFileListPaths = (
			);
			inputPaths = (
				"${PODS_PODFILE_DIR_PATH}/Podfile.lock",
				"${PODS_ROOT}/Manifest.lock",
			);
			name = "[CP] Check Pods Manifest.lock";
			outputFileListPaths = (
			);
			outputPaths = (
				"$(DERIVED_FILE_DIR)/Pods-flixTests-checkManifestLockResult.txt",
			);
			runOnlyForDeploymentPostprocessing = 0;
			shellPath = /bin/sh;
			shellScript = "diff \"${PODS_PODFILE_DIR_PATH}/Podfile.lock\" \"${PODS_ROOT}/Manifest.lock\" > /dev/null\nif [ $? != 0 ] ; then\n    # print error to STDERR\n    echo \"error: The sandbox is not in sync with the Podfile.lock. Run 'pod install' or update your CocoaPods installation.\" >&2\n    exit 1\nfi\n# This output is used by Xcode 'outputs' to avoid re-running this script phase.\necho \"SUCCESS\" > \"${SCRIPT_OUTPUT_FILE_0}\"\n";
			showEnvVarsInLog = 0;
		};
		4F59A3CD8294DC0259FA0895 /* [CP] Embed Pods Frameworks */ = {
			isa = PBXShellScriptBuildPhase;
			buildActionMask = 2147483647;
			files = (
			);
			inputFileListPaths = (
			);
			inputPaths = (
				"${SRCROOT}/Pods/Target Support Files/Pods-flix/Pods-flix-frameworks.sh",
				"${BUILT_PRODUCTS_DIR}/Alamofire/Alamofire.framework",
				"${BUILT_PRODUCTS_DIR}/AlamofireImage/AlamofireImage.framework",
			);
			name = "[CP] Embed Pods Frameworks";
			outputFileListPaths = (
			);
			outputPaths = (
				"${TARGET_BUILD_DIR}/${FRAMEWORKS_FOLDER_PATH}/Alamofire.framework",
				"${TARGET_BUILD_DIR}/${FRAMEWORKS_FOLDER_PATH}/AlamofireImage.framework",
			);
			runOnlyForDeploymentPostprocessing = 0;
			shellPath = /bin/sh;
			shellScript = "\"${SRCROOT}/Pods/Target Support Files/Pods-flix/Pods-flix-frameworks.sh\"\n";
			showEnvVarsInLog = 0;
		};
		7B4279259D3420630DB39B43 /* [CP] Check Pods Manifest.lock */ = {
			isa = PBXShellScriptBuildPhase;
			buildActionMask = 2147483647;
			files = (
			);
			inputFileListPaths = (
			);
			inputPaths = (
				"${PODS_PODFILE_DIR_PATH}/Podfile.lock",
				"${PODS_ROOT}/Manifest.lock",
			);
			name = "[CP] Check Pods Manifest.lock";
			outputFileListPaths = (
			);
			outputPaths = (
				"$(DERIVED_FILE_DIR)/Pods-flix-checkManifestLockResult.txt",
			);
			runOnlyForDeploymentPostprocessing = 0;
			shellPath = /bin/sh;
			shellScript = "diff \"${PODS_PODFILE_DIR_PATH}/Podfile.lock\" \"${PODS_ROOT}/Manifest.lock\" > /dev/null\nif [ $? != 0 ] ; then\n    # print error to STDERR\n    echo \"error: The sandbox is not in sync with the Podfile.lock. Run 'pod install' or update your CocoaPods installation.\" >&2\n    exit 1\nfi\n# This output is used by Xcode 'outputs' to avoid re-running this script phase.\necho \"SUCCESS\" > \"${SCRIPT_OUTPUT_FILE_0}\"\n";
			showEnvVarsInLog = 0;
		};
		860D9763676D7DE21EF0A1D1 /* [CP] Check Pods Manifest.lock */ = {
			isa = PBXShellScriptBuildPhase;
			buildActionMask = 2147483647;
			files = (
			);
			inputFileListPaths = (
			);
			inputPaths = (
				"${PODS_PODFILE_DIR_PATH}/Podfile.lock",
				"${PODS_ROOT}/Manifest.lock",
			);
			name = "[CP] Check Pods Manifest.lock";
			outputFileListPaths = (
			);
			outputPaths = (
				"$(DERIVED_FILE_DIR)/Pods-flixUITests-checkManifestLockResult.txt",
			);
			runOnlyForDeploymentPostprocessing = 0;
			shellPath = /bin/sh;
			shellScript = "diff \"${PODS_PODFILE_DIR_PATH}/Podfile.lock\" \"${PODS_ROOT}/Manifest.lock\" > /dev/null\nif [ $? != 0 ] ; then\n    # print error to STDERR\n    echo \"error: The sandbox is not in sync with the Podfile.lock. Run 'pod install' or update your CocoaPods installation.\" >&2\n    exit 1\nfi\n# This output is used by Xcode 'outputs' to avoid re-running this script phase.\necho \"SUCCESS\" > \"${SCRIPT_OUTPUT_FILE_0}\"\n";
			showEnvVarsInLog = 0;
		};
/* End PBXShellScriptBuildPhase section */

/* Begin PBXSourcesBuildPhase section */
		F730B10321ED52DD005A85B6 /* Sources */ = {
			isa = PBXSourcesBuildPhase;
			buildActionMask = 2147483647;
			files = (
				F70DF1F621FCF706009E9480 /* MovieGridViewController.swift in Sources */,
				F70DF1F421F930F6009E9480 /* MovieDetailsViewController.swift in Sources */,
				F730B10B21ED52DD005A85B6 /* AppDelegate.swift in Sources */,
				F7786F5B21ED5A44005D1FCD /* MoviesViewController.swift in Sources */,
				F7A4B56C21FE947D005B15B8 /* MovieGridCell.swift in Sources */,
				F76B225221F05E4400D894AB /* MovieCell.swift in Sources */,
			);
			runOnlyForDeploymentPostprocessing = 0;
		};
		F730B11721ED52DE005A85B6 /* Sources */ = {
			isa = PBXSourcesBuildPhase;
			buildActionMask = 2147483647;
			files = (
				F730B12021ED52DE005A85B6 /* flixTests.swift in Sources */,
			);
			runOnlyForDeploymentPostprocessing = 0;
		};
		F730B12221ED52DE005A85B6 /* Sources */ = {
			isa = PBXSourcesBuildPhase;
			buildActionMask = 2147483647;
			files = (
				F730B12B21ED52DE005A85B6 /* flixUITests.swift in Sources */,
			);
			runOnlyForDeploymentPostprocessing = 0;
		};
/* End PBXSourcesBuildPhase section */

/* Begin PBXTargetDependency section */
		F730B11D21ED52DE005A85B6 /* PBXTargetDependency */ = {
			isa = PBXTargetDependency;
			target = F730B10621ED52DD005A85B6 /* flix */;
			targetProxy = F730B11C21ED52DE005A85B6 /* PBXContainerItemProxy */;
		};
		F730B12821ED52DE005A85B6 /* PBXTargetDependency */ = {
			isa = PBXTargetDependency;
			target = F730B10621ED52DD005A85B6 /* flix */;
			targetProxy = F730B12721ED52DE005A85B6 /* PBXContainerItemProxy */;
		};
/* End PBXTargetDependency section */

/* Begin PBXVariantGroup section */
		F730B10E21ED52DD005A85B6 /* Main.storyboard */ = {
			isa = PBXVariantGroup;
			children = (
				F730B10F21ED52DD005A85B6 /* Base */,
			);
			name = Main.storyboard;
			sourceTree = "<group>";
		};
		F730B11321ED52DE005A85B6 /* LaunchScreen.storyboard */ = {
			isa = PBXVariantGroup;
			children = (
				F730B11421ED52DE005A85B6 /* Base */,
			);
			name = LaunchScreen.storyboard;
			sourceTree = "<group>";
		};
/* End PBXVariantGroup section */

/* Begin XCBuildConfiguration section */
		F730B12D21ED52DE005A85B6 /* Debug */ = {
			isa = XCBuildConfiguration;
			buildSettings = {
				ALWAYS_SEARCH_USER_PATHS = NO;
				CLANG_ANALYZER_NONNULL = YES;
				CLANG_ANALYZER_NUMBER_OBJECT_CONVERSION = YES_AGGRESSIVE;
				CLANG_CXX_LANGUAGE_STANDARD = "gnu++14";
				CLANG_CXX_LIBRARY = "libc++";
				CLANG_ENABLE_MODULES = YES;
				CLANG_ENABLE_OBJC_ARC = YES;
				CLANG_ENABLE_OBJC_WEAK = YES;
				CLANG_WARN_BLOCK_CAPTURE_AUTORELEASING = YES;
				CLANG_WARN_BOOL_CONVERSION = YES;
				CLANG_WARN_COMMA = YES;
				CLANG_WARN_CONSTANT_CONVERSION = YES;
				CLANG_WARN_DEPRECATED_OBJC_IMPLEMENTATIONS = YES;
				CLANG_WARN_DIRECT_OBJC_ISA_USAGE = YES_ERROR;
				CLANG_WARN_DOCUMENTATION_COMMENTS = YES;
				CLANG_WARN_EMPTY_BODY = YES;
				CLANG_WARN_ENUM_CONVERSION = YES;
				CLANG_WARN_INFINITE_RECURSION = YES;
				CLANG_WARN_INT_CONVERSION = YES;
				CLANG_WARN_NON_LITERAL_NULL_CONVERSION = YES;
				CLANG_WARN_OBJC_IMPLICIT_RETAIN_SELF = YES;
				CLANG_WARN_OBJC_LITERAL_CONVERSION = YES;
				CLANG_WARN_OBJC_ROOT_CLASS = YES_ERROR;
				CLANG_WARN_RANGE_LOOP_ANALYSIS = YES;
				CLANG_WARN_STRICT_PROTOTYPES = YES;
				CLANG_WARN_SUSPICIOUS_MOVE = YES;
				CLANG_WARN_UNGUARDED_AVAILABILITY = YES_AGGRESSIVE;
				CLANG_WARN_UNREACHABLE_CODE = YES;
				CLANG_WARN__DUPLICATE_METHOD_MATCH = YES;
				CODE_SIGN_IDENTITY = "iPhone Developer";
				COPY_PHASE_STRIP = NO;
				DEBUG_INFORMATION_FORMAT = dwarf;
				ENABLE_STRICT_OBJC_MSGSEND = YES;
				ENABLE_TESTABILITY = YES;
				GCC_C_LANGUAGE_STANDARD = gnu11;
				GCC_DYNAMIC_NO_PIC = NO;
				GCC_NO_COMMON_BLOCKS = YES;
				GCC_OPTIMIZATION_LEVEL = 0;
				GCC_PREPROCESSOR_DEFINITIONS = (
					"DEBUG=1",
					"$(inherited)",
				);
				GCC_WARN_64_TO_32_BIT_CONVERSION = YES;
				GCC_WARN_ABOUT_RETURN_TYPE = YES_ERROR;
				GCC_WARN_UNDECLARED_SELECTOR = YES;
				GCC_WARN_UNINITIALIZED_AUTOS = YES_AGGRESSIVE;
				GCC_WARN_UNUSED_FUNCTION = YES;
				GCC_WARN_UNUSED_VARIABLE = YES;
				IPHONEOS_DEPLOYMENT_TARGET = 12.1;
				MTL_ENABLE_DEBUG_INFO = INCLUDE_SOURCE;
				MTL_FAST_MATH = YES;
				ONLY_ACTIVE_ARCH = YES;
				SDKROOT = iphoneos;
				SWIFT_ACTIVE_COMPILATION_CONDITIONS = DEBUG;
				SWIFT_OPTIMIZATION_LEVEL = "-Onone";
			};
			name = Debug;
		};
		F730B12E21ED52DE005A85B6 /* Release */ = {
			isa = XCBuildConfiguration;
			buildSettings = {
				ALWAYS_SEARCH_USER_PATHS = NO;
				CLANG_ANALYZER_NONNULL = YES;
				CLANG_ANALYZER_NUMBER_OBJECT_CONVERSION = YES_AGGRESSIVE;
				CLANG_CXX_LANGUAGE_STANDARD = "gnu++14";
				CLANG_CXX_LIBRARY = "libc++";
				CLANG_ENABLE_MODULES = YES;
				CLANG_ENABLE_OBJC_ARC = YES;
				CLANG_ENABLE_OBJC_WEAK = YES;
				CLANG_WARN_BLOCK_CAPTURE_AUTORELEASING = YES;
				CLANG_WARN_BOOL_CONVERSION = YES;
				CLANG_WARN_COMMA = YES;
				CLANG_WARN_CONSTANT_CONVERSION = YES;
				CLANG_WARN_DEPRECATED_OBJC_IMPLEMENTATIONS = YES;
				CLANG_WARN_DIRECT_OBJC_ISA_USAGE = YES_ERROR;
				CLANG_WARN_DOCUMENTATION_COMMENTS = YES;
				CLANG_WARN_EMPTY_BODY = YES;
				CLANG_WARN_ENUM_CONVERSION = YES;
				CLANG_WARN_INFINITE_RECURSION = YES;
				CLANG_WARN_INT_CONVERSION = YES;
				CLANG_WARN_NON_LITERAL_NULL_CONVERSION = YES;
				CLANG_WARN_OBJC_IMPLICIT_RETAIN_SELF = YES;
				CLANG_WARN_OBJC_LITERAL_CONVERSION = YES;
				CLANG_WARN_OBJC_ROOT_CLASS = YES_ERROR;
				CLANG_WARN_RANGE_LOOP_ANALYSIS = YES;
				CLANG_WARN_STRICT_PROTOTYPES = YES;
				CLANG_WARN_SUSPICIOUS_MOVE = YES;
				CLANG_WARN_UNGUARDED_AVAILABILITY = YES_AGGRESSIVE;
				CLANG_WARN_UNREACHABLE_CODE = YES;
				CLANG_WARN__DUPLICATE_METHOD_MATCH = YES;
				CODE_SIGN_IDENTITY = "iPhone Developer";
				COPY_PHASE_STRIP = NO;
				DEBUG_INFORMATION_FORMAT = "dwarf-with-dsym";
				ENABLE_NS_ASSERTIONS = NO;
				ENABLE_STRICT_OBJC_MSGSEND = YES;
				GCC_C_LANGUAGE_STANDARD = gnu11;
				GCC_NO_COMMON_BLOCKS = YES;
				GCC_WARN_64_TO_32_BIT_CONVERSION = YES;
				GCC_WARN_ABOUT_RETURN_TYPE = YES_ERROR;
				GCC_WARN_UNDECLARED_SELECTOR = YES;
				GCC_WARN_UNINITIALIZED_AUTOS = YES_AGGRESSIVE;
				GCC_WARN_UNUSED_FUNCTION = YES;
				GCC_WARN_UNUSED_VARIABLE = YES;
				IPHONEOS_DEPLOYMENT_TARGET = 12.1;
				MTL_ENABLE_DEBUG_INFO = NO;
				MTL_FAST_MATH = YES;
				SDKROOT = iphoneos;
				SWIFT_COMPILATION_MODE = wholemodule;
				SWIFT_OPTIMIZATION_LEVEL = "-O";
				VALIDATE_PRODUCT = YES;
			};
			name = Release;
		};
		F730B13021ED52DE005A85B6 /* Debug */ = {
			isa = XCBuildConfiguration;
			baseConfigurationReference = D44802A50094397DDDF2AA2F /* Pods-flix.debug.xcconfig */;
			buildSettings = {
				ASSETCATALOG_COMPILER_APPICON_NAME = AppIcon;
				CODE_SIGN_STYLE = Automatic;
				INFOPLIST_FILE = flix/Info.plist;
				LD_RUNPATH_SEARCH_PATHS = (
					"$(inherited)",
					"@executable_path/Frameworks",
				);
				PRODUCT_BUNDLE_IDENTIFIER = personal.flix;
				PRODUCT_NAME = "$(TARGET_NAME)";
				SWIFT_VERSION = 4.2;
				TARGETED_DEVICE_FAMILY = "1,2";
			};
			name = Debug;
		};
		F730B13121ED52DE005A85B6 /* Release */ = {
			isa = XCBuildConfiguration;
			baseConfigurationReference = FF028DD6E80010344FEB8300 /* Pods-flix.release.xcconfig */;
			buildSettings = {
				ASSETCATALOG_COMPILER_APPICON_NAME = AppIcon;
				CODE_SIGN_STYLE = Automatic;
				INFOPLIST_FILE = flix/Info.plist;
				LD_RUNPATH_SEARCH_PATHS = (
					"$(inherited)",
					"@executable_path/Frameworks",
				);
				PRODUCT_BUNDLE_IDENTIFIER = personal.flix;
				PRODUCT_NAME = "$(TARGET_NAME)";
				SWIFT_VERSION = 4.2;
				TARGETED_DEVICE_FAMILY = "1,2";
			};
			name = Release;
		};
		F730B13321ED52DE005A85B6 /* Debug */ = {
			isa = XCBuildConfiguration;
			baseConfigurationReference = 88314D45577A20FB6E6EAF97 /* Pods-flixTests.debug.xcconfig */;
			buildSettings = {
				ALWAYS_EMBED_SWIFT_STANDARD_LIBRARIES = YES;
				BUNDLE_LOADER = "$(TEST_HOST)";
				CODE_SIGN_STYLE = Automatic;
				INFOPLIST_FILE = flixTests/Info.plist;
				LD_RUNPATH_SEARCH_PATHS = (
					"$(inherited)",
					"@executable_path/Frameworks",
					"@loader_path/Frameworks",
				);
				PRODUCT_BUNDLE_IDENTIFIER = personal.flixTests;
				PRODUCT_NAME = "$(TARGET_NAME)";
				SWIFT_VERSION = 4.2;
				TARGETED_DEVICE_FAMILY = "1,2";
				TEST_HOST = "$(BUILT_PRODUCTS_DIR)/flix.app/flix";
			};
			name = Debug;
		};
		F730B13421ED52DE005A85B6 /* Release */ = {
			isa = XCBuildConfiguration;
			baseConfigurationReference = C9D54D7B77F188A0F1A5AC3C /* Pods-flixTests.release.xcconfig */;
			buildSettings = {
				ALWAYS_EMBED_SWIFT_STANDARD_LIBRARIES = YES;
				BUNDLE_LOADER = "$(TEST_HOST)";
				CODE_SIGN_STYLE = Automatic;
				INFOPLIST_FILE = flixTests/Info.plist;
				LD_RUNPATH_SEARCH_PATHS = (
					"$(inherited)",
					"@executable_path/Frameworks",
					"@loader_path/Frameworks",
				);
				PRODUCT_BUNDLE_IDENTIFIER = personal.flixTests;
				PRODUCT_NAME = "$(TARGET_NAME)";
				SWIFT_VERSION = 4.2;
				TARGETED_DEVICE_FAMILY = "1,2";
				TEST_HOST = "$(BUILT_PRODUCTS_DIR)/flix.app/flix";
			};
			name = Release;
		};
		F730B13621ED52DE005A85B6 /* Debug */ = {
			isa = XCBuildConfiguration;
			baseConfigurationReference = 9D4D52CD91685C3FEFAE46C0 /* Pods-flixUITests.debug.xcconfig */;
			buildSettings = {
				ALWAYS_EMBED_SWIFT_STANDARD_LIBRARIES = YES;
				CODE_SIGN_STYLE = Automatic;
				INFOPLIST_FILE = flixUITests/Info.plist;
				LD_RUNPATH_SEARCH_PATHS = (
					"$(inherited)",
					"@executable_path/Frameworks",
					"@loader_path/Frameworks",
				);
				PRODUCT_BUNDLE_IDENTIFIER = personal.flixUITests;
				PRODUCT_NAME = "$(TARGET_NAME)";
				SWIFT_VERSION = 4.2;
				TARGETED_DEVICE_FAMILY = "1,2";
				TEST_TARGET_NAME = flix;
			};
			name = Debug;
		};
		F730B13721ED52DE005A85B6 /* Release */ = {
			isa = XCBuildConfiguration;
			baseConfigurationReference = E77FAA522A299F242E3DA2E1 /* Pods-flixUITests.release.xcconfig */;
			buildSettings = {
				ALWAYS_EMBED_SWIFT_STANDARD_LIBRARIES = YES;
				CODE_SIGN_STYLE = Automatic;
				INFOPLIST_FILE = flixUITests/Info.plist;
				LD_RUNPATH_SEARCH_PATHS = (
					"$(inherited)",
					"@executable_path/Frameworks",
					"@loader_path/Frameworks",
				);
				PRODUCT_BUNDLE_IDENTIFIER = personal.flixUITests;
				PRODUCT_NAME = "$(TARGET_NAME)";
				SWIFT_VERSION = 4.2;
				TARGETED_DEVICE_FAMILY = "1,2";
				TEST_TARGET_NAME = flix;
			};
			name = Release;
		};
/* End XCBuildConfiguration section */

/* Begin XCConfigurationList section */
		F730B10221ED52DD005A85B6 /* Build configuration list for PBXProject "flix" */ = {
			isa = XCConfigurationList;
			buildConfigurations = (
				F730B12D21ED52DE005A85B6 /* Debug */,
				F730B12E21ED52DE005A85B6 /* Release */,
			);
			defaultConfigurationIsVisible = 0;
			defaultConfigurationName = Release;
		};
		F730B12F21ED52DE005A85B6 /* Build configuration list for PBXNativeTarget "flix" */ = {
			isa = XCConfigurationList;
			buildConfigurations = (
				F730B13021ED52DE005A85B6 /* Debug */,
				F730B13121ED52DE005A85B6 /* Release */,
			);
			defaultConfigurationIsVisible = 0;
			defaultConfigurationName = Release;
		};
		F730B13221ED52DE005A85B6 /* Build configuration list for PBXNativeTarget "flixTests" */ = {
			isa = XCConfigurationList;
			buildConfigurations = (
				F730B13321ED52DE005A85B6 /* Debug */,
				F730B13421ED52DE005A85B6 /* Release */,
			);
			defaultConfigurationIsVisible = 0;
			defaultConfigurationName = Release;
		};
		F730B13521ED52DE005A85B6 /* Build configuration list for PBXNativeTarget "flixUITests" */ = {
			isa = XCConfigurationList;
			buildConfigurations = (
				F730B13621ED52DE005A85B6 /* Debug */,
				F730B13721ED52DE005A85B6 /* Release */,
			);
			defaultConfigurationIsVisible = 0;
			defaultConfigurationName = Release;
		};
/* End XCConfigurationList section */
	};
	rootObject = F730B0FF21ED52DD005A85B6 /* Project object */;
}
